
Microsoft Visual Studio Solution File, Format Version 12.00
# Visual Studio Version 17
VisualStudioVersion = 17.11.35219.272
MinimumVisualStudioVersion = 10.0.40219.1
Project("{FAE04EC0-301F-11D3-BF4B-00C04F79EFBC}") = "Uppgift333", "Uppgift333\Uppgift333.csproj", "{CE4E980E-D7B8-4D8E-AA55-2CE49BCD3934}"
EndProject
Global
	GlobalSection(SolutionConfigurationPlatforms) = preSolution
		Debug|Any CPU = Debug|Any CPU
		Release|Any CPU = Release|Any CPU
	EndGlobalSection
	GlobalSection(ProjectConfigurationPlatforms) = postSolution
		{CE4E980E-D7B8-4D8E-AA55-2CE49BCD3934}.Debug|Any CPU.ActiveCfg = Debug|Any CPU
		{CE4E980E-D7B8-4D8E-AA55-2CE49BCD3934}.Debug|Any CPU.Build.0 = Debug|Any CPU
		{CE4E980E-D7B8-4D8E-AA55-2CE49BCD3934}.Release|Any CPU.ActiveCfg = Release|Any CPU
		{CE4E980E-D7B8-4D8E-AA55-2CE49BCD3934}.Release|Any CPU.Build.0 = Release|Any CPU
	EndGlobalSection
	GlobalSection(SolutionProperties) = preSolution
		HideSolutionNode = FALSE
	EndGlobalSection
	GlobalSection(ExtensibilityGlobals) = postSolution
		SolutionGuid = {BC85ABA4-CECF-4037-80B6-8FD28C5780E3}
	EndGlobalSection
EndGlobal
